
Microsoft Visual Studio Solution File, Format Version 12.00
# Visual Studio Version 17
VisualStudioVersion = 17.0.31903.59
MinimumVisualStudioVersion = 10.0.40219.1
Project("{9A19103F-16F7-4668-BE54-9A1E7A4F7556}") = "src", "src\src.csproj", "{11FA11BB-7B44-43A1-BEA2-C2BE05D2CD2B}"
EndProject
Project("{9A19103F-16F7-4668-BE54-9A1E7A4F7556}") = "test", "test\test.csproj", "{B493C68A-7EEF-4745-8050-0E835D0346C6}"
EndProject
Global
	GlobalSection(SolutionConfigurationPlatforms) = preSolution
		Debug|Any CPU = Debug|Any CPU
		Release|Any CPU = Release|Any CPU
	EndGlobalSection
	GlobalSection(ProjectConfigurationPlatforms) = postSolution
		{11FA11BB-7B44-43A1-BEA2-C2BE05D2CD2B}.Debug|Any CPU.ActiveCfg = Debug|Any CPU
		{11FA11BB-7B44-43A1-BEA2-C2BE05D2CD2B}.Debug|Any CPU.Build.0 = Debug|Any CPU
		{11FA11BB-7B44-43A1-BEA2-C2BE05D2CD2B}.Release|Any CPU.ActiveCfg = Release|Any CPU
		{11FA11BB-7B44-43A1-BEA2-C2BE05D2CD2B}.Release|Any CPU.Build.0 = Release|Any CPU
		{B493C68A-7EEF-4745-8050-0E835D0346C6}.Debug|Any CPU.ActiveCfg = Debug|Any CPU
		{B493C68A-7EEF-4745-8050-0E835D0346C6}.Release|Any CPU.ActiveCfg = Release|Any CPU
		{B493C68A-7EEF-4745-8050-0E835D0346C6}.Release|Any CPU.Build.0 = Release|Any CPU
	EndGlobalSection
	GlobalSection(SolutionProperties) = preSolution
		HideSolutionNode = FALSE
	EndGlobalSection
EndGlobal
